
Microsoft Visual Studio Solution File, Format Version 12.00
# Visual Studio Version 17
VisualStudioVersion = 17.0.32112.339
MinimumVisualStudioVersion = 10.0.40219.1
Project("{FAE04EC0-301F-11D3-BF4B-00C04F79EFBC}") = "WFCalculadora02", "WFCalculadora02.csproj", "{45894D7F-B68A-4F13-9A75-B8D558B28329}"
EndProject
Global
	GlobalSection(SolutionConfigurationPlatforms) = preSolution
		Debug|Any CPU = Debug|Any CPU
		Release|Any CPU = Release|Any CPU
	EndGlobalSection
	GlobalSection(ProjectConfigurationPlatforms) = postSolution
		{45894D7F-B68A-4F13-9A75-B8D558B28329}.Debug|Any CPU.ActiveCfg = Debug|Any CPU
		{45894D7F-B68A-4F13-9A75-B8D558B28329}.Debug|Any CPU.Build.0 = Debug|Any CPU
		{45894D7F-B68A-4F13-9A75-B8D558B28329}.Release|Any CPU.ActiveCfg = Release|Any CPU
		{45894D7F-B68A-4F13-9A75-B8D558B28329}.Release|Any CPU.Build.0 = Release|Any CPU
	EndGlobalSection
	GlobalSection(SolutionProperties) = preSolution
		HideSolutionNode = FALSE
	EndGlobalSection
	GlobalSection(ExtensibilityGlobals) = postSolution
		SolutionGuid = {27D5E5DB-B326-4C24-85E3-D65939A32981}
	EndGlobalSection
EndGlobal
