
Microsoft Visual Studio Solution File, Format Version 12.00
# Visual Studio Version 17
VisualStudioVersion = 17.0.32112.339
MinimumVisualStudioVersion = 10.0.40219.1
Project("{FAE04EC0-301F-11D3-BF4B-00C04F79EFBC}") = "WFmatDataGrid01", "WFmatDataGrid01.csproj", "{7081F5B7-CDAC-4006-933E-233E33A7D27D}"
EndProject
Global
	GlobalSection(SolutionConfigurationPlatforms) = preSolution
		Debug|Any CPU = Debug|Any CPU
		Release|Any CPU = Release|Any CPU
	EndGlobalSection
	GlobalSection(ProjectConfigurationPlatforms) = postSolution
		{7081F5B7-CDAC-4006-933E-233E33A7D27D}.Debug|Any CPU.ActiveCfg = Debug|Any CPU
		{7081F5B7-CDAC-4006-933E-233E33A7D27D}.Debug|Any CPU.Build.0 = Debug|Any CPU
		{7081F5B7-CDAC-4006-933E-233E33A7D27D}.Release|Any CPU.ActiveCfg = Release|Any CPU
		{7081F5B7-CDAC-4006-933E-233E33A7D27D}.Release|Any CPU.Build.0 = Release|Any CPU
	EndGlobalSection
	GlobalSection(SolutionProperties) = preSolution
		HideSolutionNode = FALSE
	EndGlobalSection
	GlobalSection(ExtensibilityGlobals) = postSolution
		SolutionGuid = {62CC8759-A5C5-4F90-B064-3F646DE9F1C9}
	EndGlobalSection
EndGlobal
