
Microsoft Visual Studio Solution File, Format Version 12.00
# Visual Studio Version 17
VisualStudioVersion = 17.0.32112.339
MinimumVisualStudioVersion = 10.0.40219.1
Project("{FAE04EC0-301F-11D3-BF4B-00C04F79EFBC}") = "LanzadorGeneral", "LanzadorGeneral.csproj", "{D21877E5-6575-4E16-B72E-7CADA79E658B}"
EndProject
Global
	GlobalSection(SolutionConfigurationPlatforms) = preSolution
		Debug|Any CPU = Debug|Any CPU
		Release|Any CPU = Release|Any CPU
	EndGlobalSection
	GlobalSection(ProjectConfigurationPlatforms) = postSolution
		{D21877E5-6575-4E16-B72E-7CADA79E658B}.Debug|Any CPU.ActiveCfg = Debug|Any CPU
		{D21877E5-6575-4E16-B72E-7CADA79E658B}.Debug|Any CPU.Build.0 = Debug|Any CPU
		{D21877E5-6575-4E16-B72E-7CADA79E658B}.Release|Any CPU.ActiveCfg = Release|Any CPU
		{D21877E5-6575-4E16-B72E-7CADA79E658B}.Release|Any CPU.Build.0 = Release|Any CPU
	EndGlobalSection
	GlobalSection(SolutionProperties) = preSolution
		HideSolutionNode = FALSE
	EndGlobalSection
	GlobalSection(ExtensibilityGlobals) = postSolution
		SolutionGuid = {754D957E-D71C-4E91-9C48-ED75B1058E59}
	EndGlobalSection
EndGlobal
